// !$*UTF8*$!
{
	archiveVersion = 1;
	classes = {
	};
	objectVersion = 50;
	objects = {

/* Begin PBXBuildFile section */
		2E4DF2EF24816B1F00BEB7AE /* AppDelegate.swift in Sources */ = {isa = PBXBuildFile; fileRef = 2E4DF2EE24816B1F00BEB7AE /* AppDelegate.swift */; };
		2E4DF2F124816B1F00BEB7AE /* SceneDelegate.swift in Sources */ = {isa = PBXBuildFile; fileRef = 2E4DF2F024816B1F00BEB7AE /* SceneDelegate.swift */; };
		2E4DF2F324816B1F00BEB7AE /* ViewController.swift in Sources */ = {isa = PBXBuildFile; fileRef = 2E4DF2F224816B1F00BEB7AE /* ViewController.swift */; };
		2E4DF2F624816B1F00BEB7AE /* Main.storyboard in Resources */ = {isa = PBXBuildFile; fileRef = 2E4DF2F424816B1F00BEB7AE /* Main.storyboard */; };
		2E4DF2F824816B2100BEB7AE /* Assets.xcassets in Resources */ = {isa = PBXBuildFile; fileRef = 2E4DF2F724816B2100BEB7AE /* Assets.xcassets */; };
		2E4DF2FB24816B2100BEB7AE /* LaunchScreen.storyboard in Resources */ = {isa = PBXBuildFile; fileRef = 2E4DF2F924816B2100BEB7AE /* LaunchScreen.storyboard */; };
		2E4DF3052481785F00BEB7AE /* LogInScreenViewController.swift in Sources */ = {isa = PBXBuildFile; fileRef = 2E4DF3042481785F00BEB7AE /* LogInScreenViewController.swift */; };
		2E4DF30B24817CFE00BEB7AE /* UserNameLogIn.swift in Sources */ = {isa = PBXBuildFile; fileRef = 2E4DF30A24817CFE00BEB7AE /* UserNameLogIn.swift */; };
		2EDDA8CE2483E4320089B19D /* MotivatorViewController.swift in Sources */ = {isa = PBXBuildFile; fileRef = 2EDDA8CD2483E4320089B19D /* MotivatorViewController.swift */; };
		2EDDA8D02483E4420089B19D /* DemotivatorViewController.swift in Sources */ = {isa = PBXBuildFile; fileRef = 2EDDA8CF2483E4420089B19D /* DemotivatorViewController.swift */; };
		2EDDA8D624841E580089B19D /* Text.swift in Sources */ = {isa = PBXBuildFile; fileRef = 2EDDA8D524841E580089B19D /* Text.swift */; };
/* End PBXBuildFile section */

/* Begin PBXFileReference section */
		2E4DF2EB24816B1F00BEB7AE /* HomeWork_4.app */ = {isa = PBXFileReference; explicitFileType = wrapper.application; includeInIndex = 0; path = HomeWork_4.app; sourceTree = BUILT_PRODUCTS_DIR; };
		2E4DF2EE24816B1F00BEB7AE /* AppDelegate.swift */ = {isa = PBXFileReference; lastKnownFileType = sourcecode.swift; path = AppDelegate.swift; sourceTree = "<group>"; };
		2E4DF2F024816B1F00BEB7AE /* SceneDelegate.swift */ = {isa = PBXFileReference; lastKnownFileType = sourcecode.swift; path = SceneDelegate.swift; sourceTree = "<group>"; };
		2E4DF2F224816B1F00BEB7AE /* ViewController.swift */ = {isa = PBXFileReference; lastKnownFileType = sourcecode.swift; path = ViewController.swift; sourceTree = "<group>"; };
		2E4DF2F524816B1F00BEB7AE /* Base */ = {isa = PBXFileReference; lastKnownFileType = file.storyboard; name = Base; path = Base.lproj/Main.storyboard; sourceTree = "<group>"; };
		2E4DF2F724816B2100BEB7AE /* Assets.xcassets */ = {isa = PBXFileReference; lastKnownFileType = folder.assetcatalog; path = Assets.xcassets; sourceTree = "<group>"; };
		2E4DF2FA24816B2100BEB7AE /* Base */ = {isa = PBXFileReference; lastKnownFileType = file.storyboard; name = Base; path = Base.lproj/LaunchScreen.storyboard; sourceTree = "<group>"; };
		2E4DF2FC24816B2100BEB7AE /* Info.plist */ = {isa = PBXFileReference; lastKnownFileType = text.plist.xml; path = Info.plist; sourceTree = "<group>"; };
		2E4DF3042481785F00BEB7AE /* LogInScreenViewController.swift */ = {isa = PBXFileReference; lastKnownFileType = sourcecode.swift; path = LogInScreenViewController.swift; sourceTree = "<group>"; };
		2E4DF30A24817CFE00BEB7AE /* UserNameLogIn.swift */ = {isa = PBXFileReference; lastKnownFileType = sourcecode.swift; path = UserNameLogIn.swift; sourceTree = "<group>"; };
		2EDDA8CD2483E4320089B19D /* MotivatorViewController.swift */ = {isa = PBXFileReference; lastKnownFileType = sourcecode.swift; path = MotivatorViewController.swift; sourceTree = "<group>"; };
		2EDDA8CF2483E4420089B19D /* DemotivatorViewController.swift */ = {isa = PBXFileReference; lastKnownFileType = sourcecode.swift; path = DemotivatorViewController.swift; sourceTree = "<group>"; };
		2EDDA8D524841E580089B19D /* Text.swift */ = {isa = PBXFileReference; lastKnownFileType = sourcecode.swift; path = Text.swift; sourceTree = "<group>"; };
/* End PBXFileReference section */

/* Begin PBXFrameworksBuildPhase section */
		2E4DF2E824816B1F00BEB7AE /* Frameworks */ = {
			isa = PBXFrameworksBuildPhase;
			buildActionMask = 2147483647;
			files = (
			);
			runOnlyForDeploymentPostprocessing = 0;
		};
/* End PBXFrameworksBuildPhase section */

/* Begin PBXGroup section */
		2E4DF2E224816B1F00BEB7AE = {
			isa = PBXGroup;
			children = (
				2E4DF2ED24816B1F00BEB7AE /* HomeWork_4 */,
				2E4DF2EC24816B1F00BEB7AE /* Products */,
			);
			sourceTree = "<group>";
		};
		2E4DF2EC24816B1F00BEB7AE /* Products */ = {
			isa = PBXGroup;
			children = (
				2E4DF2EB24816B1F00BEB7AE /* HomeWork_4.app */,
			);
			name = Products;
			sourceTree = "<group>";
		};
		2E4DF2ED24816B1F00BEB7AE /* HomeWork_4 */ = {
			isa = PBXGroup;
			children = (
				2E4DF30924817AE800BEB7AE /* ViewControllers */,
				2E4DF307248178DA00BEB7AE /* Storyboards */,
				2E4DF3082481790700BEB7AE /* Source */,
				2E4DF30C24817D0900BEB7AE /* Models */,
				2E4DF306248178BC00BEB7AE /* SupportingFiles */,
			);
			path = HomeWork_4;
			sourceTree = "<group>";
		};
		2E4DF306248178BC00BEB7AE /* SupportingFiles */ = {
			isa = PBXGroup;
			children = (
				2E4DF2EE24816B1F00BEB7AE /* AppDelegate.swift */,
				2E4DF2F024816B1F00BEB7AE /* SceneDelegate.swift */,
				2E4DF2FC24816B2100BEB7AE /* Info.plist */,
			);
			path = SupportingFiles;
			sourceTree = "<group>";
		};
		2E4DF307248178DA00BEB7AE /* Storyboards */ = {
			isa = PBXGroup;
			children = (
				2E4DF2F424816B1F00BEB7AE /* Main.storyboard */,
				2E4DF2F924816B2100BEB7AE /* LaunchScreen.storyboard */,
			);
			path = Storyboards;
			sourceTree = "<group>";
		};
		2E4DF3082481790700BEB7AE /* Source */ = {
			isa = PBXGroup;
			children = (
				2E4DF2F724816B2100BEB7AE /* Assets.xcassets */,
			);
			path = Source;
			sourceTree = "<group>";
		};
		2E4DF30924817AE800BEB7AE /* ViewControllers */ = {
			isa = PBXGroup;
			children = (
				2E4DF3042481785F00BEB7AE /* LogInScreenViewController.swift */,
				2E4DF2F224816B1F00BEB7AE /* ViewController.swift */,
				2EDDA8CD2483E4320089B19D /* MotivatorViewController.swift */,
				2EDDA8CF2483E4420089B19D /* DemotivatorViewController.swift */,
			);
			path = ViewControllers;
			sourceTree = "<group>";
		};
		2E4DF30C24817D0900BEB7AE /* Models */ = {
			isa = PBXGroup;
			children = (
				2E4DF30A24817CFE00BEB7AE /* UserNameLogIn.swift */,
				2EDDA8D524841E580089B19D /* Text.swift */,
			);
			path = Models;
			sourceTree = "<group>";
		};
/* End PBXGroup section */

/* Begin PBXNativeTarget section */
		2E4DF2EA24816B1F00BEB7AE /* HomeWork_4 */ = {
			isa = PBXNativeTarget;
			buildConfigurationList = 2E4DF2FF24816B2100BEB7AE /* Build configuration list for PBXNativeTarget "HomeWork_4" */;
			buildPhases = (
				2E4DF2E724816B1F00BEB7AE /* Sources */,
				2E4DF2E824816B1F00BEB7AE /* Frameworks */,
				2E4DF2E924816B1F00BEB7AE /* Resources */,
			);
			buildRules = (
			);
			dependencies = (
			);
			name = HomeWork_4;
			productName = HomeWork_4;
			productReference = 2E4DF2EB24816B1F00BEB7AE /* HomeWork_4.app */;
			productType = "com.apple.product-type.application";
		};
/* End PBXNativeTarget section */

/* Begin PBXProject section */
		2E4DF2E324816B1F00BEB7AE /* Project object */ = {
			isa = PBXProject;
			attributes = {
				LastSwiftUpdateCheck = 1150;
				LastUpgradeCheck = 1150;
				ORGANIZATIONNAME = "Nikolai Krusser";
				TargetAttributes = {
					2E4DF2EA24816B1F00BEB7AE = {
						CreatedOnToolsVersion = 11.5;
					};
				};
			};
			buildConfigurationList = 2E4DF2E624816B1F00BEB7AE /* Build configuration list for PBXProject "HomeWork_4" */;
			compatibilityVersion = "Xcode 9.3";
			developmentRegion = en;
			hasScannedForEncodings = 0;
			knownRegions = (
				en,
				Base,
			);
			mainGroup = 2E4DF2E224816B1F00BEB7AE;
			productRefGroup = 2E4DF2EC24816B1F00BEB7AE /* Products */;
			projectDirPath = "";
			projectRoot = "";
			targets = (
				2E4DF2EA24816B1F00BEB7AE /* HomeWork_4 */,
			);
		};
/* End PBXProject section */

/* Begin PBXResourcesBuildPhase section */
		2E4DF2E924816B1F00BEB7AE /* Resources */ = {
			isa = PBXResourcesBuildPhase;
			buildActionMask = 2147483647;
			files = (
				2E4DF2FB24816B2100BEB7AE /* LaunchScreen.storyboard in Resources */,
				2E4DF2F824816B2100BEB7AE /* Assets.xcassets in Resources */,
				2E4DF2F624816B1F00BEB7AE /* Main.storyboard in Resources */,
			);
			runOnlyForDeploymentPostprocessing = 0;
		};
/* End PBXResourcesBuildPhase section */

/* Begin PBXSourcesBuildPhase section */
		2E4DF2E724816B1F00BEB7AE /* Sources */ = {
			isa = PBXSourcesBuildPhase;
			buildActionMask = 2147483647;
			files = (
				2EDDA8D02483E4420089B19D /* DemotivatorViewController.swift in Sources */,
				2E4DF30B24817CFE00BEB7AE /* UserNameLogIn.swift in Sources */,
				2E4DF2F324816B1F00BEB7AE /* ViewController.swift in Sources */,
				2E4DF2EF24816B1F00BEB7AE /* AppDelegate.swift in Sources */,
				2E4DF3052481785F00BEB7AE /* LogInScreenViewController.swift in Sources */,
				2EDDA8D624841E580089B19D /* Text.swift in Sources */,
				2EDDA8CE2483E4320089B19D /* MotivatorViewController.swift in Sources */,
				2E4DF2F124816B1F00BEB7AE /* SceneDelegate.swift in Sources */,
			);
			runOnlyForDeploymentPostprocessing = 0;
		};
/* End PBXSourcesBuildPhase section */

/* Begin PBXVariantGroup section */
		2E4DF2F424816B1F00BEB7AE /* Main.storyboard */ = {
			isa = PBXVariantGroup;
			children = (
				2E4DF2F524816B1F00BEB7AE /* Base */,
			);
			name = Main.storyboard;
			sourceTree = "<group>";
		};
		2E4DF2F924816B2100BEB7AE /* LaunchScreen.storyboard */ = {
			isa = PBXVariantGroup;
			children = (
				2E4DF2FA24816B2100BEB7AE /* Base */,
			);
			name = LaunchScreen.storyboard;
			sourceTree = "<group>";
		};
/* End PBXVariantGroup section */

/* Begin XCBuildConfiguration section */
		2E4DF2FD24816B2100BEB7AE /* Debug */ = {
			isa = XCBuildConfiguration;
			buildSettings = {
				ALWAYS_SEARCH_USER_PATHS = NO;
				CLANG_ANALYZER_NONNULL = YES;
				CLANG_ANALYZER_NUMBER_OBJECT_CONVERSION = YES_AGGRESSIVE;
				CLANG_CXX_LANGUAGE_STANDARD = "gnu++14";
				CLANG_CXX_LIBRARY = "libc++";
				CLANG_ENABLE_MODULES = YES;
				CLANG_ENABLE_OBJC_ARC = YES;
				CLANG_ENABLE_OBJC_WEAK = YES;
				CLANG_WARN_BLOCK_CAPTURE_AUTORELEASING = YES;
				CLANG_WARN_BOOL_CONVERSION = YES;
				CLANG_WARN_COMMA = YES;
				CLANG_WARN_CONSTANT_CONVERSION = YES;
				CLANG_WARN_DEPRECATED_OBJC_IMPLEMENTATIONS = YES;
				CLANG_WARN_DIRECT_OBJC_ISA_USAGE = YES_ERROR;
				CLANG_WARN_DOCUMENTATION_COMMENTS = YES;
				CLANG_WARN_EMPTY_BODY = YES;
				CLANG_WARN_ENUM_CONVERSION = YES;
				CLANG_WARN_INFINITE_RECURSION = YES;
				CLANG_WARN_INT_CONVERSION = YES;
				CLANG_WARN_NON_LITERAL_NULL_CONVERSION = YES;
				CLANG_WARN_OBJC_IMPLICIT_RETAIN_SELF = YES;
				CLANG_WARN_OBJC_LITERAL_CONVERSION = YES;
				CLANG_WARN_OBJC_ROOT_CLASS = YES_ERROR;
				CLANG_WARN_RANGE_LOOP_ANALYSIS = YES;
				CLANG_WARN_STRICT_PROTOTYPES = YES;
				CLANG_WARN_SUSPICIOUS_MOVE = YES;
				CLANG_WARN_UNGUARDED_AVAILABILITY = YES_AGGRESSIVE;
				CLANG_WARN_UNREACHABLE_CODE = YES;
				CLANG_WARN__DUPLICATE_METHOD_MATCH = YES;
				COPY_PHASE_STRIP = NO;
				DEBUG_INFORMATION_FORMAT = dwarf;
				ENABLE_STRICT_OBJC_MSGSEND = YES;
				ENABLE_TESTABILITY = YES;
				GCC_C_LANGUAGE_STANDARD = gnu11;
				GCC_DYNAMIC_NO_PIC = NO;
				GCC_NO_COMMON_BLOCKS = YES;
				GCC_OPTIMIZATION_LEVEL = 0;
				GCC_PREPROCESSOR_DEFINITIONS = (
					"DEBUG=1",
					"$(inherited)",
				);
				GCC_WARN_64_TO_32_BIT_CONVERSION = YES;
				GCC_WARN_ABOUT_RETURN_TYPE = YES_ERROR;
				GCC_WARN_UNDECLARED_SELECTOR = YES;
				GCC_WARN_UNINITIALIZED_AUTOS = YES_AGGRESSIVE;
				GCC_WARN_UNUSED_FUNCTION = YES;
				GCC_WARN_UNUSED_VARIABLE = YES;
				IPHONEOS_DEPLOYMENT_TARGET = 13.5;
				MTL_ENABLE_DEBUG_INFO = INCLUDE_SOURCE;
				MTL_FAST_MATH = YES;
				ONLY_ACTIVE_ARCH = YES;
				SDKROOT = iphoneos;
				SWIFT_ACTIVE_COMPILATION_CONDITIONS = DEBUG;
				SWIFT_OPTIMIZATION_LEVEL = "-Onone";
			};
			name = Debug;
		};
		2E4DF2FE24816B2100BEB7AE /* Release */ = {
			isa = XCBuildConfiguration;
			buildSettings = {
				ALWAYS_SEARCH_USER_PATHS = NO;
				CLANG_ANALYZER_NONNULL = YES;
				CLANG_ANALYZER_NUMBER_OBJECT_CONVERSION = YES_AGGRESSIVE;
				CLANG_CXX_LANGUAGE_STANDARD = "gnu++14";
				CLANG_CXX_LIBRARY = "libc++";
				CLANG_ENABLE_MODULES = YES;
				CLANG_ENABLE_OBJC_ARC = YES;
				CLANG_ENABLE_OBJC_WEAK = YES;
				CLANG_WARN_BLOCK_CAPTURE_AUTORELEASING = YES;
				CLANG_WARN_BOOL_CONVERSION = YES;
				CLANG_WARN_COMMA = YES;
				CLANG_WARN_CONSTANT_CONVERSION = YES;
				CLANG_WARN_DEPRECATED_OBJC_IMPLEMENTATIONS = YES;
				CLANG_WARN_DIRECT_OBJC_ISA_USAGE = YES_ERROR;
				CLANG_WARN_DOCUMENTATION_COMMENTS = YES;
				CLANG_WARN_EMPTY_BODY = YES;
				CLANG_WARN_ENUM_CONVERSION = YES;
				CLANG_WARN_INFINITE_RECURSION = YES;
				CLANG_WARN_INT_CONVERSION = YES;
				CLANG_WARN_NON_LITERAL_NULL_CONVERSION = YES;
				CLANG_WARN_OBJC_IMPLICIT_RETAIN_SELF = YES;
				CLANG_WARN_OBJC_LITERAL_CONVERSION = YES;
				CLANG_WARN_OBJC_ROOT_CLASS = YES_ERROR;
				CLANG_WARN_RANGE_LOOP_ANALYSIS = YES;
				CLANG_WARN_STRICT_PROTOTYPES = YES;
				CLANG_WARN_SUSPICIOUS_MOVE = YES;
				CLANG_WARN_UNGUARDED_AVAILABILITY = YES_AGGRESSIVE;
				CLANG_WARN_UNREACHABLE_CODE = YES;
				CLANG_WARN__DUPLICATE_METHOD_MATCH = YES;
				COPY_PHASE_STRIP = NO;
				DEBUG_INFORMATION_FORMAT = "dwarf-with-dsym";
				ENABLE_NS_ASSERTIONS = NO;
				ENABLE_STRICT_OBJC_MSGSEND = YES;
				GCC_C_LANGUAGE_STANDARD = gnu11;
				GCC_NO_COMMON_BLOCKS = YES;
				GCC_WARN_64_TO_32_BIT_CONVERSION = YES;
				GCC_WARN_ABOUT_RETURN_TYPE = YES_ERROR;
				GCC_WARN_UNDECLARED_SELECTOR = YES;
				GCC_WARN_UNINITIALIZED_AUTOS = YES_AGGRESSIVE;
				GCC_WARN_UNUSED_FUNCTION = YES;
				GCC_WARN_UNUSED_VARIABLE = YES;
				IPHONEOS_DEPLOYMENT_TARGET = 13.5;
				MTL_ENABLE_DEBUG_INFO = NO;
				MTL_FAST_MATH = YES;
				SDKROOT = iphoneos;
				SWIFT_COMPILATION_MODE = wholemodule;
				SWIFT_OPTIMIZATION_LEVEL = "-O";
				VALIDATE_PRODUCT = YES;
			};
			name = Release;
		};
		2E4DF30024816B2100BEB7AE /* Debug */ = {
			isa = XCBuildConfiguration;
			buildSettings = {
				ASSETCATALOG_COMPILER_APPICON_NAME = AppIcon;
				CODE_SIGN_STYLE = Automatic;
				INFOPLIST_FILE = HomeWork_4/SupportingFiles/Info.plist;
				LD_RUNPATH_SEARCH_PATHS = (
					"$(inherited)",
					"@executable_path/Frameworks",
				);
				PRODUCT_BUNDLE_IDENTIFIER = "NikNik.HomeWork-4";
				PRODUCT_NAME = "$(TARGET_NAME)";
				SWIFT_VERSION = 5.0;
				TARGETED_DEVICE_FAMILY = 1;
			};
			name = Debug;
		};
		2E4DF30124816B2100BEB7AE /* Release */ = {
			isa = XCBuildConfiguration;
			buildSettings = {
				ASSETCATALOG_COMPILER_APPICON_NAME = AppIcon;
				CODE_SIGN_STYLE = Automatic;
				INFOPLIST_FILE = HomeWork_4/SupportingFiles/Info.plist;
				LD_RUNPATH_SEARCH_PATHS = (
					"$(inherited)",
					"@executable_path/Frameworks",
				);
				PRODUCT_BUNDLE_IDENTIFIER = "NikNik.HomeWork-4";
				PRODUCT_NAME = "$(TARGET_NAME)";
				SWIFT_VERSION = 5.0;
				TARGETED_DEVICE_FAMILY = 1;
			};
			name = Release;
		};
/* End XCBuildConfiguration section */

/* Begin XCConfigurationList section */
		2E4DF2E624816B1F00BEB7AE /* Build configuration list for PBXProject "HomeWork_4" */ = {
			isa = XCConfigurationList;
			buildConfigurations = (
				2E4DF2FD24816B2100BEB7AE /* Debug */,
				2E4DF2FE24816B2100BEB7AE /* Release */,
			);
			defaultConfigurationIsVisible = 0;
			defaultConfigurationName = Release;
		};
		2E4DF2FF24816B2100BEB7AE /* Build configuration list for PBXNativeTarget "HomeWork_4" */ = {
			isa = XCConfigurationList;
			buildConfigurations = (
				2E4DF30024816B2100BEB7AE /* Debug */,
				2E4DF30124816B2100BEB7AE /* Release */,
			);
			defaultConfigurationIsVisible = 0;
			defaultConfigurationName = Release;
		};
/* End XCConfigurationList section */
	};
	rootObject = 2E4DF2E324816B1F00BEB7AE /* Project object */;
}
